
Microsoft Visual Studio Solution File, Format Version 12.00
# Visual Studio Version 17
VisualStudioVersion = 17.4.33122.133
MinimumVisualStudioVersion = 10.0.40219.1
Project("{9A19103F-16F7-4668-BE54-9A1E7A4F7556}") = "DCalorieCounterEntity", "CalorieCounterEntity\DCalorieCounterEntity.csproj", "{51604C9E-4E0A-4D16-A521-7DC24BA2103F}"
EndProject
Project("{9A19103F-16F7-4668-BE54-9A1E7A4F7556}") = "CCalorieCounterDataAccess", "CalorieCounterDataAccess\CCalorieCounterDataAccess.csproj", "{0CBC237B-D796-4071-8B6B-2763A677DF5A}"
EndProject
Project("{9A19103F-16F7-4668-BE54-9A1E7A4F7556}") = "BCalorieCounterBusiness", "CalorieCounterBusiness\BCalorieCounterBusiness.csproj", "{C67B01DC-AA63-44AE-8D47-84BF67CAA038}"
EndProject
Project("{9A19103F-16F7-4668-BE54-9A1E7A4F7556}") = "ACalorieCounterPresentation", "CalorieCounterPresentation\ACalorieCounterPresentation.csproj", "{6EC618C7-3915-4ACC-B288-6DC1CA6DF43A}"
	ProjectSection(ProjectDependencies) = postProject
		{C67B01DC-AA63-44AE-8D47-84BF67CAA038} = {C67B01DC-AA63-44AE-8D47-84BF67CAA038}
	EndProjectSection
EndProject
Global
	GlobalSection(SolutionConfigurationPlatforms) = preSolution
		Debug|Any CPU = Debug|Any CPU
		Release|Any CPU = Release|Any CPU
	EndGlobalSection
	GlobalSection(ProjectConfigurationPlatforms) = postSolution
		{51604C9E-4E0A-4D16-A521-7DC24BA2103F}.Debug|Any CPU.ActiveCfg = Debug|Any CPU
		{51604C9E-4E0A-4D16-A521-7DC24BA2103F}.Debug|Any CPU.Build.0 = Debug|Any CPU
		{51604C9E-4E0A-4D16-A521-7DC24BA2103F}.Release|Any CPU.ActiveCfg = Release|Any CPU
		{51604C9E-4E0A-4D16-A521-7DC24BA2103F}.Release|Any CPU.Build.0 = Release|Any CPU
		{0CBC237B-D796-4071-8B6B-2763A677DF5A}.Debug|Any CPU.ActiveCfg = Debug|Any CPU
		{0CBC237B-D796-4071-8B6B-2763A677DF5A}.Debug|Any CPU.Build.0 = Debug|Any CPU
		{0CBC237B-D796-4071-8B6B-2763A677DF5A}.Release|Any CPU.ActiveCfg = Release|Any CPU
		{0CBC237B-D796-4071-8B6B-2763A677DF5A}.Release|Any CPU.Build.0 = Release|Any CPU
		{C67B01DC-AA63-44AE-8D47-84BF67CAA038}.Debug|Any CPU.ActiveCfg = Debug|Any CPU
		{C67B01DC-AA63-44AE-8D47-84BF67CAA038}.Debug|Any CPU.Build.0 = Debug|Any CPU
		{C67B01DC-AA63-44AE-8D47-84BF67CAA038}.Release|Any CPU.ActiveCfg = Release|Any CPU
		{C67B01DC-AA63-44AE-8D47-84BF67CAA038}.Release|Any CPU.Build.0 = Release|Any CPU
		{6EC618C7-3915-4ACC-B288-6DC1CA6DF43A}.Debug|Any CPU.ActiveCfg = Debug|Any CPU
		{6EC618C7-3915-4ACC-B288-6DC1CA6DF43A}.Debug|Any CPU.Build.0 = Debug|Any CPU
		{6EC618C7-3915-4ACC-B288-6DC1CA6DF43A}.Release|Any CPU.ActiveCfg = Release|Any CPU
		{6EC618C7-3915-4ACC-B288-6DC1CA6DF43A}.Release|Any CPU.Build.0 = Release|Any CPU
	EndGlobalSection
	GlobalSection(SolutionProperties) = preSolution
		HideSolutionNode = FALSE
	EndGlobalSection
	GlobalSection(ExtensibilityGlobals) = postSolution
		SolutionGuid = {4CC3AC02-E9A3-400F-99DE-34D717714205}
	EndGlobalSection
EndGlobal
